// !$*UTF8*$!
{
	archiveVersion = 1;
	classes = {
	};
	objectVersion = 46;
	objects = {

/* Begin PBXBuildFile section */
		46766C27173A4FD4003B655B /* UIKit.framework in Frameworks */ = {isa = PBXBuildFile; fileRef = 46766C26173A4FD3003B655B /* UIKit.framework */; };
		46766C29173A4FD4003B655B /* Foundation.framework in Frameworks */ = {isa = PBXBuildFile; fileRef = 46766C28173A4FD4003B655B /* Foundation.framework */; };
		46766C2B173A4FD4003B655B /* CoreGraphics.framework in Frameworks */ = {isa = PBXBuildFile; fileRef = 46766C2A173A4FD4003B655B /* CoreGraphics.framework */; };
		46766C31173A4FD4003B655B /* InfoPlist.strings in Resources */ = {isa = PBXBuildFile; fileRef = 46766C2F173A4FD4003B655B /* InfoPlist.strings */; };
		46766C33173A4FD4003B655B /* main.m in Sources */ = {isa = PBXBuildFile; fileRef = 46766C32173A4FD4003B655B /* main.m */; };
		46766C37173A4FD4003B655B /* GAAppDelegate.m in Sources */ = {isa = PBXBuildFile; fileRef = 46766C36173A4FD4003B655B /* GAAppDelegate.m */; };
		46766C39173A4FD4003B655B /* Default.png in Resources */ = {isa = PBXBuildFile; fileRef = 46766C38173A4FD4003B655B /* Default.png */; };
		46766C3B173A4FD4003B655B /* Default@2x.png in Resources */ = {isa = PBXBuildFile; fileRef = 46766C3A173A4FD4003B655B /* Default@2x.png */; };
		46766C3D173A4FD4003B655B /* Default-568h@2x.png in Resources */ = {isa = PBXBuildFile; fileRef = 46766C3C173A4FD4003B655B /* Default-568h@2x.png */; };
		46766C45173A4FD4003B655B /* SenTestingKit.framework in Frameworks */ = {isa = PBXBuildFile; fileRef = 46766C44173A4FD4003B655B /* SenTestingKit.framework */; };
		46766C46173A4FD4003B655B /* UIKit.framework in Frameworks */ = {isa = PBXBuildFile; fileRef = 46766C26173A4FD3003B655B /* UIKit.framework */; };
		46766C47173A4FD4003B655B /* Foundation.framework in Frameworks */ = {isa = PBXBuildFile; fileRef = 46766C28173A4FD4003B655B /* Foundation.framework */; };
		46766C4F173A4FD4003B655B /* InfoPlist.strings in Resources */ = {isa = PBXBuildFile; fileRef = 46766C4D173A4FD4003B655B /* InfoPlist.strings */; };
		46766C52173A4FD4003B655B /* G_AlarmTests.m in Sources */ = {isa = PBXBuildFile; fileRef = 46766C51173A4FD4003B655B /* G_AlarmTests.m */; };
		46766C62173A50D7003B655B /* Storyboard.storyboard in Resources */ = {isa = PBXBuildFile; fileRef = 46766C61173A50D7003B655B /* Storyboard.storyboard */; };
		46766C63173A50D7003B655B /* Storyboard.storyboard in Resources */ = {isa = PBXBuildFile; fileRef = 46766C61173A50D7003B655B /* Storyboard.storyboard */; };
		46766C66173A7453003B655B /* GAHomeViewController.m in Sources */ = {isa = PBXBuildFile; fileRef = 46766C65173A7453003B655B /* GAHomeViewController.m */; };
		46766C67173A7453003B655B /* GAHomeViewController.m in Sources */ = {isa = PBXBuildFile; fileRef = 46766C65173A7453003B655B /* GAHomeViewController.m */; };
		46766C6A173A7DDA003B655B /* GAAlarmListViewController.m in Sources */ = {isa = PBXBuildFile; fileRef = 46766C69173A7DDA003B655B /* GAAlarmListViewController.m */; };
		46766C6B173A7DDA003B655B /* GAAlarmListViewController.m in Sources */ = {isa = PBXBuildFile; fileRef = 46766C69173A7DDA003B655B /* GAAlarmListViewController.m */; };
		46766C6E173A7DED003B655B /* GAAddEditAlarmViewController.m in Sources */ = {isa = PBXBuildFile; fileRef = 46766C6D173A7DED003B655B /* GAAddEditAlarmViewController.m */; };
		46766C6F173A7DED003B655B /* GAAddEditAlarmViewController.m in Sources */ = {isa = PBXBuildFile; fileRef = 46766C6D173A7DED003B655B /* GAAddEditAlarmViewController.m */; };
		46766C72173A7E08003B655B /* GAAlarmLabelEditViewController.m in Sources */ = {isa = PBXBuildFile; fileRef = 46766C71173A7E08003B655B /* GAAlarmLabelEditViewController.m */; };
		46766C73173A7E08003B655B /* GAAlarmLabelEditViewController.m in Sources */ = {isa = PBXBuildFile; fileRef = 46766C71173A7E08003B655B /* GAAlarmLabelEditViewController.m */; };
		46766C77173A825B003B655B /* AVFoundation.framework in Frameworks */ = {isa = PBXBuildFile; fileRef = 46766C76173A825A003B655B /* AVFoundation.framework */; };
		46766C7C173A849D003B655B /* digital-7.ttf in Resources */ = {isa = PBXBuildFile; fileRef = 46766C7B173A849D003B655B /* digital-7.ttf */; };
		46766C80173A88A9003B655B /* ds-digii.ttf in Resources */ = {isa = PBXBuildFile; fileRef = 46766C7D173A8813003B655B /* ds-digii.ttf */; };
		46766C83173A8FCE003B655B /* GAAlarmObject.m in Sources */ = {isa = PBXBuildFile; fileRef = 46766C82173A8FCE003B655B /* GAAlarmObject.m */; };
		46766C84173A8FCE003B655B /* GAAlarmObject.m in Sources */ = {isa = PBXBuildFile; fileRef = 46766C82173A8FCE003B655B /* GAAlarmObject.m */; };
		46766C86173AA5EB003B655B /* cominghome.mp3 in Resources */ = {isa = PBXBuildFile; fileRef = 46766C85173AA5EB003B655B /* cominghome.mp3 */; };
		46766C87173AA5EB003B655B /* cominghome.mp3 in Resources */ = {isa = PBXBuildFile; fileRef = 46766C85173AA5EB003B655B /* cominghome.mp3 */; };
		46766C8A173AB101003B655B /* GAMapViewController.m in Sources */ = {isa = PBXBuildFile; fileRef = 46766C89173AB101003B655B /* GAMapViewController.m */; };
		46766C8B173AB101003B655B /* GAMapViewController.m in Sources */ = {isa = PBXBuildFile; fileRef = 46766C89173AB101003B655B /* GAMapViewController.m */; };
		46766C8D173AB2D8003B655B /* CoreLocation.framework in Frameworks */ = {isa = PBXBuildFile; fileRef = 46766C8C173AB2D8003B655B /* CoreLocation.framework */; };
		46766C8F173AB503003B655B /* MapKit.framework in Frameworks */ = {isa = PBXBuildFile; fileRef = 46766C8E173AB503003B655B /* MapKit.framework */; };
/* End PBXBuildFile section */

/* Begin PBXContainerItemProxy section */
		46766C48173A4FD4003B655B /* PBXContainerItemProxy */ = {
			isa = PBXContainerItemProxy;
			containerPortal = 46766C1B173A4FD3003B655B /* Project object */;
			proxyType = 1;
			remoteGlobalIDString = 46766C22173A4FD3003B655B;
			remoteInfo = "G Alarm";
		};
/* End PBXContainerItemProxy section */

/* Begin PBXFileReference section */
		46766C23173A4FD3003B655B /* G Alarm.app */ = {isa = PBXFileReference; explicitFileType = wrapper.application; includeInIndex = 0; path = "G Alarm.app"; sourceTree = BUILT_PRODUCTS_DIR; };
		46766C26173A4FD3003B655B /* UIKit.framework */ = {isa = PBXFileReference; lastKnownFileType = wrapper.framework; name = UIKit.framework; path = System/Library/Frameworks/UIKit.framework; sourceTree = SDKROOT; };
		46766C28173A4FD4003B655B /* Foundation.framework */ = {isa = PBXFileReference; lastKnownFileType = wrapper.framework; name = Foundation.framework; path = System/Library/Frameworks/Foundation.framework; sourceTree = SDKROOT; };
		46766C2A173A4FD4003B655B /* CoreGraphics.framework */ = {isa = PBXFileReference; lastKnownFileType = wrapper.framework; name = CoreGraphics.framework; path = System/Library/Frameworks/CoreGraphics.framework; sourceTree = SDKROOT; };
		46766C2E173A4FD4003B655B /* G Alarm-Info.plist */ = {isa = PBXFileReference; lastKnownFileType = text.plist.xml; path = "G Alarm-Info.plist"; sourceTree = "<group>"; };
		46766C30173A4FD4003B655B /* en */ = {isa = PBXFileReference; lastKnownFileType = text.plist.strings; name = en; path = en.lproj/InfoPlist.strings; sourceTree = "<group>"; };
		46766C32173A4FD4003B655B /* main.m */ = {isa = PBXFileReference; lastKnownFileType = sourcecode.c.objc; path = main.m; sourceTree = "<group>"; };
		46766C34173A4FD4003B655B /* G Alarm-Prefix.pch */ = {isa = PBXFileReference; lastKnownFileType = sourcecode.c.h; path = "G Alarm-Prefix.pch"; sourceTree = "<group>"; };
		46766C35173A4FD4003B655B /* GAAppDelegate.h */ = {isa = PBXFileReference; lastKnownFileType = sourcecode.c.h; path = GAAppDelegate.h; sourceTree = "<group>"; };
		46766C36173A4FD4003B655B /* GAAppDelegate.m */ = {isa = PBXFileReference; lastKnownFileType = sourcecode.c.objc; path = GAAppDelegate.m; sourceTree = "<group>"; };
		46766C38173A4FD4003B655B /* Default.png */ = {isa = PBXFileReference; lastKnownFileType = image.png; path = Default.png; sourceTree = "<group>"; };
		46766C3A173A4FD4003B655B /* Default@2x.png */ = {isa = PBXFileReference; lastKnownFileType = image.png; path = "Default@2x.png"; sourceTree = "<group>"; };
		46766C3C173A4FD4003B655B /* Default-568h@2x.png */ = {isa = PBXFileReference; lastKnownFileType = image.png; path = "Default-568h@2x.png"; sourceTree = "<group>"; };
		46766C43173A4FD4003B655B /* G AlarmTests.octest */ = {isa = PBXFileReference; explicitFileType = wrapper.cfbundle; includeInIndex = 0; path = "G AlarmTests.octest"; sourceTree = BUILT_PRODUCTS_DIR; };
		46766C44173A4FD4003B655B /* SenTestingKit.framework */ = {isa = PBXFileReference; lastKnownFileType = wrapper.framework; name = SenTestingKit.framework; path = Library/Frameworks/SenTestingKit.framework; sourceTree = DEVELOPER_DIR; };
		46766C4C173A4FD4003B655B /* G AlarmTests-Info.plist */ = {isa = PBXFileReference; lastKnownFileType = text.plist.xml; path = "G AlarmTests-Info.plist"; sourceTree = "<group>"; };
		46766C4E173A4FD4003B655B /* en */ = {isa = PBXFileReference; lastKnownFileType = text.plist.strings; name = en; path = en.lproj/InfoPlist.strings; sourceTree = "<group>"; };
		46766C50173A4FD4003B655B /* G_AlarmTests.h */ = {isa = PBXFileReference; lastKnownFileType = sourcecode.c.h; path = G_AlarmTests.h; sourceTree = "<group>"; };
		46766C51173A4FD4003B655B /* G_AlarmTests.m */ = {isa = PBXFileReference; lastKnownFileType = sourcecode.c.objc; path = G_AlarmTests.m; sourceTree = "<group>"; };
		46766C61173A50D7003B655B /* Storyboard.storyboard */ = {isa = PBXFileReference; fileEncoding = 4; lastKnownFileType = file.storyboard; path = Storyboard.storyboard; sourceTree = "<group>"; };
		46766C64173A7453003B655B /* GAHomeViewController.h */ = {isa = PBXFileReference; fileEncoding = 4; lastKnownFileType = sourcecode.c.h; path = GAHomeViewController.h; sourceTree = "<group>"; };
		46766C65173A7453003B655B /* GAHomeViewController.m */ = {isa = PBXFileReference; fileEncoding = 4; lastKnownFileType = sourcecode.c.objc; path = GAHomeViewController.m; sourceTree = "<group>"; };
		46766C68173A7DDA003B655B /* GAAlarmListViewController.h */ = {isa = PBXFileReference; fileEncoding = 4; lastKnownFileType = sourcecode.c.h; path = GAAlarmListViewController.h; sourceTree = "<group>"; };
		46766C69173A7DDA003B655B /* GAAlarmListViewController.m */ = {isa = PBXFileReference; fileEncoding = 4; lastKnownFileType = sourcecode.c.objc; path = GAAlarmListViewController.m; sourceTree = "<group>"; };
		46766C6C173A7DED003B655B /* GAAddEditAlarmViewController.h */ = {isa = PBXFileReference; fileEncoding = 4; lastKnownFileType = sourcecode.c.h; path = GAAddEditAlarmViewController.h; sourceTree = "<group>"; };
		46766C6D173A7DED003B655B /* GAAddEditAlarmViewController.m */ = {isa = PBXFileReference; fileEncoding = 4; lastKnownFileType = sourcecode.c.objc; path = GAAddEditAlarmViewController.m; sourceTree = "<group>"; };
		46766C70173A7E08003B655B /* GAAlarmLabelEditViewController.h */ = {isa = PBXFileReference; fileEncoding = 4; lastKnownFileType = sourcecode.c.h; path = GAAlarmLabelEditViewController.h; sourceTree = "<group>"; };
		46766C71173A7E08003B655B /* GAAlarmLabelEditViewController.m */ = {isa = PBXFileReference; fileEncoding = 4; lastKnownFileType = sourcecode.c.objc; path = GAAlarmLabelEditViewController.m; sourceTree = "<group>"; };
		46766C76173A825A003B655B /* AVFoundation.framework */ = {isa = PBXFileReference; lastKnownFileType = wrapper.framework; name = AVFoundation.framework; path = System/Library/Frameworks/AVFoundation.framework; sourceTree = SDKROOT; };
		46766C7B173A849D003B655B /* digital-7.ttf */ = {isa = PBXFileReference; lastKnownFileType = file; path = "digital-7.ttf"; sourceTree = "<group>"; };
		46766C7D173A8813003B655B /* ds-digii.ttf */ = {isa = PBXFileReference; lastKnownFileType = file; path = "ds-digii.ttf"; sourceTree = "<group>"; };
		46766C81173A8FCE003B655B /* GAAlarmObject.h */ = {isa = PBXFileReference; fileEncoding = 4; lastKnownFileType = sourcecode.c.h; path = GAAlarmObject.h; sourceTree = "<group>"; };
		46766C82173A8FCE003B655B /* GAAlarmObject.m */ = {isa = PBXFileReference; fileEncoding = 4; lastKnownFileType = sourcecode.c.objc; path = GAAlarmObject.m; sourceTree = "<group>"; };
		46766C85173AA5EB003B655B /* cominghome.mp3 */ = {isa = PBXFileReference; lastKnownFileType = audio.mp3; path = cominghome.mp3; sourceTree = "<group>"; };
		46766C88173AB101003B655B /* GAMapViewController.h */ = {isa = PBXFileReference; fileEncoding = 4; lastKnownFileType = sourcecode.c.h; path = GAMapViewController.h; sourceTree = "<group>"; };
		46766C89173AB101003B655B /* GAMapViewController.m */ = {isa = PBXFileReference; fileEncoding = 4; lastKnownFileType = sourcecode.c.objc; path = GAMapViewController.m; sourceTree = "<group>"; };
		46766C8C173AB2D8003B655B /* CoreLocation.framework */ = {isa = PBXFileReference; lastKnownFileType = wrapper.framework; name = CoreLocation.framework; path = System/Library/Frameworks/CoreLocation.framework; sourceTree = SDKROOT; };
		46766C8E173AB503003B655B /* MapKit.framework */ = {isa = PBXFileReference; lastKnownFileType = wrapper.framework; name = MapKit.framework; path = System/Library/Frameworks/MapKit.framework; sourceTree = SDKROOT; };
/* End PBXFileReference section */

/* Begin PBXFrameworksBuildPhase section */
		46766C20173A4FD3003B655B /* Frameworks */ = {
			isa = PBXFrameworksBuildPhase;
			buildActionMask = 2147483647;
			files = (
				46766C8F173AB503003B655B /* MapKit.framework in Frameworks */,
				46766C8D173AB2D8003B655B /* CoreLocation.framework in Frameworks */,
				46766C77173A825B003B655B /* AVFoundation.framework in Frameworks */,
				46766C27173A4FD4003B655B /* UIKit.framework in Frameworks */,
				46766C29173A4FD4003B655B /* Foundation.framework in Frameworks */,
				46766C2B173A4FD4003B655B /* CoreGraphics.framework in Frameworks */,
			);
			runOnlyForDeploymentPostprocessing = 0;
		};
		46766C3F173A4FD4003B655B /* Frameworks */ = {
			isa = PBXFrameworksBuildPhase;
			buildActionMask = 2147483647;
			files = (
				46766C45173A4FD4003B655B /* SenTestingKit.framework in Frameworks */,
				46766C46173A4FD4003B655B /* UIKit.framework in Frameworks */,
				46766C47173A4FD4003B655B /* Foundation.framework in Frameworks */,
			);
			runOnlyForDeploymentPostprocessing = 0;
		};
/* End PBXFrameworksBuildPhase section */

/* Begin PBXGroup section */
		46766C1A173A4FD3003B655B = {
			isa = PBXGroup;
			children = (
				46766C2C173A4FD4003B655B /* G Alarm */,
				46766C5E173A5007003B655B /* Resources */,
				46766C4A173A4FD4003B655B /* G AlarmTests */,
				46766C25173A4FD3003B655B /* Frameworks */,
				46766C24173A4FD3003B655B /* Products */,
			);
			sourceTree = "<group>";
		};
		46766C24173A4FD3003B655B /* Products */ = {
			isa = PBXGroup;
			children = (
				46766C23173A4FD3003B655B /* G Alarm.app */,
				46766C43173A4FD4003B655B /* G AlarmTests.octest */,
			);
			name = Products;
			sourceTree = "<group>";
		};
		46766C25173A4FD3003B655B /* Frameworks */ = {
			isa = PBXGroup;
			children = (
				46766C8E173AB503003B655B /* MapKit.framework */,
				46766C8C173AB2D8003B655B /* CoreLocation.framework */,
				46766C76173A825A003B655B /* AVFoundation.framework */,
				46766C26173A4FD3003B655B /* UIKit.framework */,
				46766C28173A4FD4003B655B /* Foundation.framework */,
				46766C2A173A4FD4003B655B /* CoreGraphics.framework */,
				46766C44173A4FD4003B655B /* SenTestingKit.framework */,
			);
			name = Frameworks;
			sourceTree = "<group>";
		};
		46766C2C173A4FD4003B655B /* G Alarm */ = {
			isa = PBXGroup;
			children = (
				46766C35173A4FD4003B655B /* GAAppDelegate.h */,
				46766C36173A4FD4003B655B /* GAAppDelegate.m */,
				46766C5C173A4FF1003B655B /* Models */,
				46766C5B173A4FE8003B655B /* Controllers */,
				46766C5D173A4FF8003B655B /* Views */,
				46766C2D173A4FD4003B655B /* Supporting Files */,
			);
			path = "G Alarm";
			sourceTree = "<group>";
		};
		46766C2D173A4FD4003B655B /* Supporting Files */ = {
			isa = PBXGroup;
			children = (
				46766C85173AA5EB003B655B /* cominghome.mp3 */,
				46766C7D173A8813003B655B /* ds-digii.ttf */,
				46766C7B173A849D003B655B /* digital-7.ttf */,
				46766C2E173A4FD4003B655B /* G Alarm-Info.plist */,
				46766C2F173A4FD4003B655B /* InfoPlist.strings */,
				46766C32173A4FD4003B655B /* main.m */,
				46766C34173A4FD4003B655B /* G Alarm-Prefix.pch */,
				46766C38173A4FD4003B655B /* Default.png */,
				46766C3A173A4FD4003B655B /* Default@2x.png */,
				46766C3C173A4FD4003B655B /* Default-568h@2x.png */,
			);
			name = "Supporting Files";
			sourceTree = "<group>";
		};
		46766C4A173A4FD4003B655B /* G AlarmTests */ = {
			isa = PBXGroup;
			children = (
				46766C50173A4FD4003B655B /* G_AlarmTests.h */,
				46766C51173A4FD4003B655B /* G_AlarmTests.m */,
				46766C4B173A4FD4003B655B /* Supporting Files */,
			);
			path = "G AlarmTests";
			sourceTree = "<group>";
		};
		46766C4B173A4FD4003B655B /* Supporting Files */ = {
			isa = PBXGroup;
			children = (
				46766C4C173A4FD4003B655B /* G AlarmTests-Info.plist */,
				46766C4D173A4FD4003B655B /* InfoPlist.strings */,
			);
			name = "Supporting Files";
			sourceTree = "<group>";
		};
		46766C5B173A4FE8003B655B /* Controllers */ = {
			isa = PBXGroup;
			children = (
				46766C64173A7453003B655B /* GAHomeViewController.h */,
				46766C65173A7453003B655B /* GAHomeViewController.m */,
				46766C68173A7DDA003B655B /* GAAlarmListViewController.h */,
				46766C69173A7DDA003B655B /* GAAlarmListViewController.m */,
				46766C6C173A7DED003B655B /* GAAddEditAlarmViewController.h */,
				46766C6D173A7DED003B655B /* GAAddEditAlarmViewController.m */,
				46766C70173A7E08003B655B /* GAAlarmLabelEditViewController.h */,
				46766C71173A7E08003B655B /* GAAlarmLabelEditViewController.m */,
				46766C88173AB101003B655B /* GAMapViewController.h */,
				46766C89173AB101003B655B /* GAMapViewController.m */,
			);
			name = Controllers;
			sourceTree = "<group>";
		};
		46766C5C173A4FF1003B655B /* Models */ = {
			isa = PBXGroup;
			children = (
				46766C81173A8FCE003B655B /* GAAlarmObject.h */,
				46766C82173A8FCE003B655B /* GAAlarmObject.m */,
			);
			name = Models;
			sourceTree = "<group>";
		};
		46766C5D173A4FF8003B655B /* Views */ = {
			isa = PBXGroup;
			children = (
				46766C61173A50D7003B655B /* Storyboard.storyboard */,
			);
			name = Views;
			sourceTree = "<group>";
		};
		46766C5E173A5007003B655B /* Resources */ = {
			isa = PBXGroup;
			children = (
				46766C60173A5029003B655B /* Sounds */,
				46766C5F173A501A003B655B /* Images */,
			);
			name = Resources;
			sourceTree = "<group>";
		};
		46766C5F173A501A003B655B /* Images */ = {
			isa = PBXGroup;
			children = (
			);
			name = Images;
			sourceTree = "<group>";
		};
		46766C60173A5029003B655B /* Sounds */ = {
			isa = PBXGroup;
			children = (
			);
			name = Sounds;
			sourceTree = "<group>";
		};
/* End PBXGroup section */

/* Begin PBXNativeTarget section */
		46766C22173A4FD3003B655B /* G Alarm */ = {
			isa = PBXNativeTarget;
			buildConfigurationList = 46766C55173A4FD4003B655B /* Build configuration list for PBXNativeTarget "G Alarm" */;
			buildPhases = (
				46766C1F173A4FD3003B655B /* Sources */,
				46766C20173A4FD3003B655B /* Frameworks */,
				46766C21173A4FD3003B655B /* Resources */,
			);
			buildRules = (
			);
			dependencies = (
			);
			name = "G Alarm";
			productName = "G Alarm";
			productReference = 46766C23173A4FD3003B655B /* G Alarm.app */;
			productType = "com.apple.product-type.application";
		};
		46766C42173A4FD4003B655B /* G AlarmTests */ = {
			isa = PBXNativeTarget;
			buildConfigurationList = 46766C58173A4FD4003B655B /* Build configuration list for PBXNativeTarget "G AlarmTests" */;
			buildPhases = (
				46766C3E173A4FD4003B655B /* Sources */,
				46766C3F173A4FD4003B655B /* Frameworks */,
				46766C40173A4FD4003B655B /* Resources */,
				46766C41173A4FD4003B655B /* ShellScript */,
			);
			buildRules = (
			);
			dependencies = (
				46766C49173A4FD4003B655B /* PBXTargetDependency */,
			);
			name = "G AlarmTests";
			productName = "G AlarmTests";
			productReference = 46766C43173A4FD4003B655B /* G AlarmTests.octest */;
			productType = "com.apple.product-type.bundle";
		};
/* End PBXNativeTarget section */

/* Begin PBXProject section */
		46766C1B173A4FD3003B655B /* Project object */ = {
			isa = PBXProject;
			attributes = {
				CLASSPREFIX = GA;
				LastUpgradeCheck = 0460;
				ORGANIZATIONNAME = "Larry Cao";
			};
			buildConfigurationList = 46766C1E173A4FD3003B655B /* Build configuration list for PBXProject "G Alarm" */;
			compatibilityVersion = "Xcode 3.2";
			developmentRegion = English;
			hasScannedForEncodings = 0;
			knownRegions = (
				en,
			);
			mainGroup = 46766C1A173A4FD3003B655B;
			productRefGroup = 46766C24173A4FD3003B655B /* Products */;
			projectDirPath = "";
			projectRoot = "";
			targets = (
				46766C22173A4FD3003B655B /* G Alarm */,
				46766C42173A4FD4003B655B /* G AlarmTests */,
			);
		};
/* End PBXProject section */

/* Begin PBXResourcesBuildPhase section */
		46766C21173A4FD3003B655B /* Resources */ = {
			isa = PBXResourcesBuildPhase;
			buildActionMask = 2147483647;
			files = (
				46766C31173A4FD4003B655B /* InfoPlist.strings in Resources */,
				46766C39173A4FD4003B655B /* Default.png in Resources */,
				46766C3B173A4FD4003B655B /* Default@2x.png in Resources */,
				46766C3D173A4FD4003B655B /* Default-568h@2x.png in Resources */,
				46766C62173A50D7003B655B /* Storyboard.storyboard in Resources */,
				46766C7C173A849D003B655B /* digital-7.ttf in Resources */,
				46766C80173A88A9003B655B /* ds-digii.ttf in Resources */,
				46766C86173AA5EB003B655B /* cominghome.mp3 in Resources */,
			);
			runOnlyForDeploymentPostprocessing = 0;
		};
		46766C40173A4FD4003B655B /* Resources */ = {
			isa = PBXResourcesBuildPhase;
			buildActionMask = 2147483647;
			files = (
				46766C4F173A4FD4003B655B /* InfoPlist.strings in Resources */,
				46766C63173A50D7003B655B /* Storyboard.storyboard in Resources */,
				46766C87173AA5EB003B655B /* cominghome.mp3 in Resources */,
			);
			runOnlyForDeploymentPostprocessing = 0;
		};
/* End PBXResourcesBuildPhase section */

/* Begin PBXShellScriptBuildPhase section */
		46766C41173A4FD4003B655B /* ShellScript */ = {
			isa = PBXShellScriptBuildPhase;
			buildActionMask = 2147483647;
			files = (
			);
			inputPaths = (
			);
			outputPaths = (
			);
			runOnlyForDeploymentPostprocessing = 0;
			shellPath = /bin/sh;
			shellScript = "# Run the unit tests in this test bundle.\n\"${SYSTEM_DEVELOPER_DIR}/Tools/RunUnitTests\"\n";
		};
/* End PBXShellScriptBuildPhase section */

/* Begin PBXSourcesBuildPhase section */
		46766C1F173A4FD3003B655B /* Sources */ = {
			isa = PBXSourcesBuildPhase;
			buildActionMask = 2147483647;
			files = (
				46766C33173A4FD4003B655B /* main.m in Sources */,
				46766C37173A4FD4003B655B /* GAAppDelegate.m in Sources */,
				46766C66173A7453003B655B /* GAHomeViewController.m in Sources */,
				46766C6A173A7DDA003B655B /* GAAlarmListViewController.m in Sources */,
				46766C6E173A7DED003B655B /* GAAddEditAlarmViewController.m in Sources */,
				46766C72173A7E08003B655B /* GAAlarmLabelEditViewController.m in Sources */,
				46766C83173A8FCE003B655B /* GAAlarmObject.m in Sources */,
				46766C8A173AB101003B655B /* GAMapViewController.m in Sources */,
			);
			runOnlyForDeploymentPostprocessing = 0;
		};
		46766C3E173A4FD4003B655B /* Sources */ = {
			isa = PBXSourcesBuildPhase;
			buildActionMask = 2147483647;
			files = (
				46766C52173A4FD4003B655B /* G_AlarmTests.m in Sources */,
				46766C67173A7453003B655B /* GAHomeViewController.m in Sources */,
				46766C6B173A7DDA003B655B /* GAAlarmListViewController.m in Sources */,
				46766C6F173A7DED003B655B /* GAAddEditAlarmViewController.m in Sources */,
				46766C73173A7E08003B655B /* GAAlarmLabelEditViewController.m in Sources */,
				46766C84173A8FCE003B655B /* GAAlarmObject.m in Sources */,
				46766C8B173AB101003B655B /* GAMapViewController.m in Sources */,
			);
			runOnlyForDeploymentPostprocessing = 0;
		};
/* End PBXSourcesBuildPhase section */

/* Begin PBXTargetDependency section */
		46766C49173A4FD4003B655B /* PBXTargetDependency */ = {
			isa = PBXTargetDependency;
			target = 46766C22173A4FD3003B655B /* G Alarm */;
			targetProxy = 46766C48173A4FD4003B655B /* PBXContainerItemProxy */;
		};
/* End PBXTargetDependency section */

/* Begin PBXVariantGroup section */
		46766C2F173A4FD4003B655B /* InfoPlist.strings */ = {
			isa = PBXVariantGroup;
			children = (
				46766C30173A4FD4003B655B /* en */,
			);
			name = InfoPlist.strings;
			sourceTree = "<group>";
		};
		46766C4D173A4FD4003B655B /* InfoPlist.strings */ = {
			isa = PBXVariantGroup;
			children = (
				46766C4E173A4FD4003B655B /* en */,
			);
			name = InfoPlist.strings;
			sourceTree = "<group>";
		};
/* End PBXVariantGroup section */

/* Begin XCBuildConfiguration section */
		46766C53173A4FD4003B655B /* Debug */ = {
			isa = XCBuildConfiguration;
			buildSettings = {
				ALWAYS_SEARCH_USER_PATHS = NO;
				CLANG_CXX_LANGUAGE_STANDARD = "gnu++0x";
				CLANG_CXX_LIBRARY = "libc++";
				CLANG_ENABLE_OBJC_ARC = YES;
				CLANG_WARN_CONSTANT_CONVERSION = YES;
				CLANG_WARN_EMPTY_BODY = YES;
				CLANG_WARN_ENUM_CONVERSION = YES;
				CLANG_WARN_INT_CONVERSION = YES;
				CLANG_WARN__DUPLICATE_METHOD_MATCH = YES;
				"CODE_SIGN_IDENTITY[sdk=iphoneos*]" = "iPhone Developer";
				COPY_PHASE_STRIP = NO;
				GCC_C_LANGUAGE_STANDARD = gnu99;
				GCC_DYNAMIC_NO_PIC = NO;
				GCC_OPTIMIZATION_LEVEL = 0;
				GCC_PREPROCESSOR_DEFINITIONS = (
					"DEBUG=1",
					"$(inherited)",
				);
				GCC_SYMBOLS_PRIVATE_EXTERN = NO;
				GCC_WARN_ABOUT_RETURN_TYPE = YES;
				GCC_WARN_UNINITIALIZED_AUTOS = YES;
				GCC_WARN_UNUSED_VARIABLE = YES;
				IPHONEOS_DEPLOYMENT_TARGET = 6.1;
				ONLY_ACTIVE_ARCH = YES;
				SDKROOT = iphoneos;
			};
			name = Debug;
		};
		46766C54173A4FD4003B655B /* Release */ = {
			isa = XCBuildConfiguration;
			buildSettings = {
				ALWAYS_SEARCH_USER_PATHS = NO;
				CLANG_CXX_LANGUAGE_STANDARD = "gnu++0x";
				CLANG_CXX_LIBRARY = "libc++";
				CLANG_ENABLE_OBJC_ARC = YES;
				CLANG_WARN_CONSTANT_CONVERSION = YES;
				CLANG_WARN_EMPTY_BODY = YES;
				CLANG_WARN_ENUM_CONVERSION = YES;
				CLANG_WARN_INT_CONVERSION = YES;
				CLANG_WARN__DUPLICATE_METHOD_MATCH = YES;
				"CODE_SIGN_IDENTITY[sdk=iphoneos*]" = "iPhone Developer";
				COPY_PHASE_STRIP = YES;
				GCC_C_LANGUAGE_STANDARD = gnu99;
				GCC_WARN_ABOUT_RETURN_TYPE = YES;
				GCC_WARN_UNINITIALIZED_AUTOS = YES;
				GCC_WARN_UNUSED_VARIABLE = YES;
				IPHONEOS_DEPLOYMENT_TARGET = 6.1;
				OTHER_CFLAGS = "-DNS_BLOCK_ASSERTIONS=1";
				SDKROOT = iphoneos;
				VALIDATE_PRODUCT = YES;
			};
			name = Release;
		};
		46766C56173A4FD4003B655B /* Debug */ = {
			isa = XCBuildConfiguration;
			buildSettings = {
				GCC_PRECOMPILE_PREFIX_HEADER = YES;
				GCC_PREFIX_HEADER = "G Alarm/G Alarm-Prefix.pch";
				INFOPLIST_FILE = "G Alarm/G Alarm-Info.plist";
				PRODUCT_NAME = "$(TARGET_NAME)";
				WRAPPER_EXTENSION = app;
			};
			name = Debug;
		};
		46766C57173A4FD4003B655B /* Release */ = {
			isa = XCBuildConfiguration;
			buildSettings = {
				GCC_PRECOMPILE_PREFIX_HEADER = YES;
				GCC_PREFIX_HEADER = "G Alarm/G Alarm-Prefix.pch";
				INFOPLIST_FILE = "G Alarm/G Alarm-Info.plist";
				PRODUCT_NAME = "$(TARGET_NAME)";
				WRAPPER_EXTENSION = app;
			};
			name = Release;
		};
		46766C59173A4FD4003B655B /* Debug */ = {
			isa = XCBuildConfiguration;
			buildSettings = {
				BUNDLE_LOADER = "$(BUILT_PRODUCTS_DIR)/G Alarm.app/G Alarm";
				FRAMEWORK_SEARCH_PATHS = (
					"\"$(SDKROOT)/Developer/Library/Frameworks\"",
					"\"$(DEVELOPER_LIBRARY_DIR)/Frameworks\"",
				);
				GCC_PRECOMPILE_PREFIX_HEADER = YES;
				GCC_PREFIX_HEADER = "G Alarm/G Alarm-Prefix.pch";
				INFOPLIST_FILE = "G AlarmTests/G AlarmTests-Info.plist";
				PRODUCT_NAME = "$(TARGET_NAME)";
				TEST_HOST = "$(BUNDLE_LOADER)";
				WRAPPER_EXTENSION = octest;
			};
			name = Debug;
		};
		46766C5A173A4FD4003B655B /* Release */ = {
			isa = XCBuildConfiguration;
			buildSettings = {
				BUNDLE_LOADER = "$(BUILT_PRODUCTS_DIR)/G Alarm.app/G Alarm";
				FRAMEWORK_SEARCH_PATHS = (
					"\"$(SDKROOT)/Developer/Library/Frameworks\"",
					"\"$(DEVELOPER_LIBRARY_DIR)/Frameworks\"",
				);
				GCC_PRECOMPILE_PREFIX_HEADER = YES;
				GCC_PREFIX_HEADER = "G Alarm/G Alarm-Prefix.pch";
				INFOPLIST_FILE = "G AlarmTests/G AlarmTests-Info.plist";
				PRODUCT_NAME = "$(TARGET_NAME)";
				TEST_HOST = "$(BUNDLE_LOADER)";
				WRAPPER_EXTENSION = octest;
			};
			name = Release;
		};
/* End XCBuildConfiguration section */

/* Begin XCConfigurationList section */
		46766C1E173A4FD3003B655B /* Build configuration list for PBXProject "G Alarm" */ = {
			isa = XCConfigurationList;
			buildConfigurations = (
				46766C53173A4FD4003B655B /* Debug */,
				46766C54173A4FD4003B655B /* Release */,
			);
			defaultConfigurationIsVisible = 0;
			defaultConfigurationName = Release;
		};
		46766C55173A4FD4003B655B /* Build configuration list for PBXNativeTarget "G Alarm" */ = {
			isa = XCConfigurationList;
			buildConfigurations = (
				46766C56173A4FD4003B655B /* Debug */,
				46766C57173A4FD4003B655B /* Release */,
			);
			defaultConfigurationIsVisible = 0;
		};
		46766C58173A4FD4003B655B /* Build configuration list for PBXNativeTarget "G AlarmTests" */ = {
			isa = XCConfigurationList;
			buildConfigurations = (
				46766C59173A4FD4003B655B /* Debug */,
				46766C5A173A4FD4003B655B /* Release */,
			);
			defaultConfigurationIsVisible = 0;
		};
/* End XCConfigurationList section */
	};
	rootObject = 46766C1B173A4FD3003B655B /* Project object */;
}
